name: Update Anime.js lockfile

on:
  push:
    branches:
      - animejs-home-motion

permissions:
  contents: write

jobs:
  lockfile:
    if: github.actor != 'github-actions[bot]'
    runs-on: ubuntu-latest
    steps:
      - uses: actions/checkout@v4
        with:
          ref: animejs-home-motion
      - uses: actions/setup-node@v4
        with:
          node-version: 24
          cache: pnpm
      - run: corepack enable
      - run: corepack pnpm install --lockfile-only
      - name: Commit lockfile
        run: |
          if git diff --quiet -- pnpm-lock.yaml; then
            exit 0
          fi
          git config user.name "github-actions[bot]"
          git config user.email "41898282+github-actions[bot]@users.noreply.github.com"
          git add pnpm-lock.yaml
          git commit -m "Update lockfile for Anime.js"
          git push origin HEAD:animejs-home-motion
